
Microsoft Visual Studio Solution File, Format Version 11.00
# Visual Studio 2010
Project("{FAE04EC0-301F-11D3-BF4B-00C04F79EFBC}") = "EmergencyFillingSystemClient", "EmergencyFillingSystemClient\EmergencyFillingSystemClient.csproj", "{60FE6655-61EB-438D-80FC-F5DD7D681EB9}"
EndProject
Project("{54435603-DBB4-11D2-8724-00A0C9A8B90C}") = "EmergencyFillingClientSetup", "EmergencyFillingClientSetup\EmergencyFillingClientSetup.vdproj", "{D5EB5128-CB92-467B-94E2-14CB50CEEF0C}"
EndProject
Global
	GlobalSection(SolutionConfigurationPlatforms) = preSolution
		Debug|x86 = Debug|x86
		Release|x86 = Release|x86
	EndGlobalSection
	GlobalSection(ProjectConfigurationPlatforms) = postSolution
		{60FE6655-61EB-438D-80FC-F5DD7D681EB9}.Debug|x86.ActiveCfg = Debug|x86
		{60FE6655-61EB-438D-80FC-F5DD7D681EB9}.Debug|x86.Build.0 = Debug|x86
		{60FE6655-61EB-438D-80FC-F5DD7D681EB9}.Release|x86.ActiveCfg = Release|x86
		{60FE6655-61EB-438D-80FC-F5DD7D681EB9}.Release|x86.Build.0 = Release|x86
		{D5EB5128-CB92-467B-94E2-14CB50CEEF0C}.Debug|x86.ActiveCfg = Debug
		{D5EB5128-CB92-467B-94E2-14CB50CEEF0C}.Release|x86.ActiveCfg = Release
	EndGlobalSection
	GlobalSection(SolutionProperties) = preSolution
		HideSolutionNode = FALSE
	EndGlobalSection
EndGlobal
